
Microsoft Visual Studio Solution File, Format Version 12.00
# Visual Studio Version 16
VisualStudioVersion = 16.0.31624.102
MinimumVisualStudioVersion = 10.0.40219.1
Project("{9A19103F-16F7-4668-BE54-9A1E7A4F7556}") = "RealEstateApp", "RealEstateApp.csproj", "{E4B390AB-4EB6-4A3A-AAAB-C19EB2AFD8F1}"
EndProject
Project("{9A19103F-16F7-4668-BE54-9A1E7A4F7556}") = "RealEstateBLL", "..\RealEstateBLL\RealEstateBLL.csproj", "{380457FE-901E-4B91-BA98-07EB154DA68D}"
EndProject
Project("{9A19103F-16F7-4668-BE54-9A1E7A4F7556}") = "RealEstateDAL", "..\RealEstateDAL\RealEstateDAL.csproj", "{58D03976-D556-4665-9C43-667D65D8F2EF}"
EndProject
Project("{FAE04EC0-301F-11D3-BF4B-00C04F79EFBC}") = "UtilitiesLib", "..\UtilitiesLib\UtilitiesLib.csproj", "{CD4F3AA0-384C-4623-B098-BFEE9DE8F70E}"
EndProject
Global
	GlobalSection(SolutionConfigurationPlatforms) = preSolution
		Debug|Any CPU = Debug|Any CPU
		Release|Any CPU = Release|Any CPU
	EndGlobalSection
	GlobalSection(ProjectConfigurationPlatforms) = postSolution
		{E4B390AB-4EB6-4A3A-AAAB-C19EB2AFD8F1}.Debug|Any CPU.ActiveCfg = Debug|Any CPU
		{E4B390AB-4EB6-4A3A-AAAB-C19EB2AFD8F1}.Debug|Any CPU.Build.0 = Debug|Any CPU
		{E4B390AB-4EB6-4A3A-AAAB-C19EB2AFD8F1}.Release|Any CPU.ActiveCfg = Release|Any CPU
		{E4B390AB-4EB6-4A3A-AAAB-C19EB2AFD8F1}.Release|Any CPU.Build.0 = Release|Any CPU
		{380457FE-901E-4B91-BA98-07EB154DA68D}.Debug|Any CPU.ActiveCfg = Debug|Any CPU
		{380457FE-901E-4B91-BA98-07EB154DA68D}.Debug|Any CPU.Build.0 = Debug|Any CPU
		{380457FE-901E-4B91-BA98-07EB154DA68D}.Release|Any CPU.ActiveCfg = Release|Any CPU
		{380457FE-901E-4B91-BA98-07EB154DA68D}.Release|Any CPU.Build.0 = Release|Any CPU
		{58D03976-D556-4665-9C43-667D65D8F2EF}.Debug|Any CPU.ActiveCfg = Debug|Any CPU
		{58D03976-D556-4665-9C43-667D65D8F2EF}.Debug|Any CPU.Build.0 = Debug|Any CPU
		{58D03976-D556-4665-9C43-667D65D8F2EF}.Release|Any CPU.ActiveCfg = Release|Any CPU
		{58D03976-D556-4665-9C43-667D65D8F2EF}.Release|Any CPU.Build.0 = Release|Any CPU
		{CD4F3AA0-384C-4623-B098-BFEE9DE8F70E}.Debug|Any CPU.ActiveCfg = Debug|Any CPU
		{CD4F3AA0-384C-4623-B098-BFEE9DE8F70E}.Debug|Any CPU.Build.0 = Debug|Any CPU
		{CD4F3AA0-384C-4623-B098-BFEE9DE8F70E}.Release|Any CPU.ActiveCfg = Release|Any CPU
		{CD4F3AA0-384C-4623-B098-BFEE9DE8F70E}.Release|Any CPU.Build.0 = Release|Any CPU
	EndGlobalSection
	GlobalSection(SolutionProperties) = preSolution
		HideSolutionNode = FALSE
	EndGlobalSection
	GlobalSection(ExtensibilityGlobals) = postSolution
		SolutionGuid = {01C7F8BE-B94F-4A22-B0F3-39EC6D916295}
	EndGlobalSection
EndGlobal
